
Microsoft Visual Studio Solution File, Format Version 12.00
# Visual Studio Version 16
VisualStudioVersion = 16.0.30309.148
MinimumVisualStudioVersion = 10.0.40219.1
Project("{9A19103F-16F7-4668-BE54-9A1E7A4F7556}") = "SocketsServerStarter", "SocketsServerStarter\SocketsServerStarter.csproj", "{6DF69C67-BF97-40EA-B771-1A77ADA6A542}"
EndProject
Project("{9A19103F-16F7-4668-BE54-9A1E7A4F7556}") = "SocketClientStarter", "SocketClientStarter\SocketClientStarter.csproj", "{6CAF289B-917D-406F-8CB0-9F29BD7302DC}"
EndProject
Project("{2150E333-8FDC-42A3-9474-1A3956D46DE8}") = "Solution Items", "Solution Items", "{4AB6F7BE-C815-41E8-8170-AD98F6C1A0C0}"
	ProjectSection(SolutionItems) = preProject
		README.md = README.md
	EndProjectSection
EndProject
Project("{9A19103F-16F7-4668-BE54-9A1E7A4F7556}") = "MyApp", "MyApp\MyApp.csproj", "{583D894F-977C-4AA8-B42F-57A7F8BD9286}"
EndProject
Project("{9A19103F-16F7-4668-BE54-9A1E7A4F7556}") = "WebFramework", "WebFramework\WebFramework.csproj", "{129675B4-09EF-4591-8F80-F430EC1B9799}"
EndProject
Global
	GlobalSection(SolutionConfigurationPlatforms) = preSolution
		Debug|Any CPU = Debug|Any CPU
		Release|Any CPU = Release|Any CPU
	EndGlobalSection
	GlobalSection(ProjectConfigurationPlatforms) = postSolution
		{6DF69C67-BF97-40EA-B771-1A77ADA6A542}.Debug|Any CPU.ActiveCfg = Debug|Any CPU
		{6DF69C67-BF97-40EA-B771-1A77ADA6A542}.Debug|Any CPU.Build.0 = Debug|Any CPU
		{6DF69C67-BF97-40EA-B771-1A77ADA6A542}.Release|Any CPU.ActiveCfg = Release|Any CPU
		{6DF69C67-BF97-40EA-B771-1A77ADA6A542}.Release|Any CPU.Build.0 = Release|Any CPU
		{6CAF289B-917D-406F-8CB0-9F29BD7302DC}.Debug|Any CPU.ActiveCfg = Debug|Any CPU
		{6CAF289B-917D-406F-8CB0-9F29BD7302DC}.Debug|Any CPU.Build.0 = Debug|Any CPU
		{6CAF289B-917D-406F-8CB0-9F29BD7302DC}.Release|Any CPU.ActiveCfg = Release|Any CPU
		{6CAF289B-917D-406F-8CB0-9F29BD7302DC}.Release|Any CPU.Build.0 = Release|Any CPU
		{583D894F-977C-4AA8-B42F-57A7F8BD9286}.Debug|Any CPU.ActiveCfg = Debug|Any CPU
		{583D894F-977C-4AA8-B42F-57A7F8BD9286}.Debug|Any CPU.Build.0 = Debug|Any CPU
		{583D894F-977C-4AA8-B42F-57A7F8BD9286}.Release|Any CPU.ActiveCfg = Release|Any CPU
		{583D894F-977C-4AA8-B42F-57A7F8BD9286}.Release|Any CPU.Build.0 = Release|Any CPU
		{129675B4-09EF-4591-8F80-F430EC1B9799}.Debug|Any CPU.ActiveCfg = Debug|Any CPU
		{129675B4-09EF-4591-8F80-F430EC1B9799}.Debug|Any CPU.Build.0 = Debug|Any CPU
		{129675B4-09EF-4591-8F80-F430EC1B9799}.Release|Any CPU.ActiveCfg = Release|Any CPU
		{129675B4-09EF-4591-8F80-F430EC1B9799}.Release|Any CPU.Build.0 = Release|Any CPU
	EndGlobalSection
	GlobalSection(SolutionProperties) = preSolution
		HideSolutionNode = FALSE
	EndGlobalSection
	GlobalSection(ExtensibilityGlobals) = postSolution
		SolutionGuid = {80086977-BE6F-4CFB-9A52-97A4AF40C0A3}
	EndGlobalSection
EndGlobal
