
Microsoft Visual Studio Solution File, Format Version 12.00
# Visual Studio Version 17
VisualStudioVersion = 17.4.33205.214
MinimumVisualStudioVersion = 10.0.40219.1
Project("{9A19103F-16F7-4668-BE54-9A1E7A4F7556}") = "CRUDExample", "CRUDExample\CRUDExample.csproj", "{B4778170-B14F-4D83-87E1-B328DC881DDB}"
EndProject
Project("{9A19103F-16F7-4668-BE54-9A1E7A4F7556}") = "CRUDTests", "CRUDTests\CRUDTests.csproj", "{0A54BAB7-8EBA-4702-B2F5-59B0061199F6}"
EndProject
Project("{9A19103F-16F7-4668-BE54-9A1E7A4F7556}") = "Entities", "Entities\Entities.csproj", "{98698B87-682F-4FF7-B4DB-9D39E7BDEAA8}"
EndProject
Project("{9A19103F-16F7-4668-BE54-9A1E7A4F7556}") = "ServiceContracts", "ServiceContracts\ServiceContracts.csproj", "{A8D13067-257C-4FFD-B7DA-926809200538}"
EndProject
Project("{9A19103F-16F7-4668-BE54-9A1E7A4F7556}") = "Services", "Services\Services.csproj", "{7F192FB0-4F26-4F09-8ECF-6BC913152BC3}"
EndProject
Global
	GlobalSection(SolutionConfigurationPlatforms) = preSolution
		Debug|Any CPU = Debug|Any CPU
		Release|Any CPU = Release|Any CPU
	EndGlobalSection
	GlobalSection(ProjectConfigurationPlatforms) = postSolution
		{B4778170-B14F-4D83-87E1-B328DC881DDB}.Debug|Any CPU.ActiveCfg = Debug|Any CPU
		{B4778170-B14F-4D83-87E1-B328DC881DDB}.Debug|Any CPU.Build.0 = Debug|Any CPU
		{B4778170-B14F-4D83-87E1-B328DC881DDB}.Release|Any CPU.ActiveCfg = Release|Any CPU
		{B4778170-B14F-4D83-87E1-B328DC881DDB}.Release|Any CPU.Build.0 = Release|Any CPU
		{0A54BAB7-8EBA-4702-B2F5-59B0061199F6}.Debug|Any CPU.ActiveCfg = Debug|Any CPU
		{0A54BAB7-8EBA-4702-B2F5-59B0061199F6}.Debug|Any CPU.Build.0 = Debug|Any CPU
		{0A54BAB7-8EBA-4702-B2F5-59B0061199F6}.Release|Any CPU.ActiveCfg = Release|Any CPU
		{0A54BAB7-8EBA-4702-B2F5-59B0061199F6}.Release|Any CPU.Build.0 = Release|Any CPU
		{98698B87-682F-4FF7-B4DB-9D39E7BDEAA8}.Debug|Any CPU.ActiveCfg = Debug|Any CPU
		{98698B87-682F-4FF7-B4DB-9D39E7BDEAA8}.Debug|Any CPU.Build.0 = Debug|Any CPU
		{98698B87-682F-4FF7-B4DB-9D39E7BDEAA8}.Release|Any CPU.ActiveCfg = Release|Any CPU
		{98698B87-682F-4FF7-B4DB-9D39E7BDEAA8}.Release|Any CPU.Build.0 = Release|Any CPU
		{A8D13067-257C-4FFD-B7DA-926809200538}.Debug|Any CPU.ActiveCfg = Debug|Any CPU
		{A8D13067-257C-4FFD-B7DA-926809200538}.Debug|Any CPU.Build.0 = Debug|Any CPU
		{A8D13067-257C-4FFD-B7DA-926809200538}.Release|Any CPU.ActiveCfg = Release|Any CPU
		{A8D13067-257C-4FFD-B7DA-926809200538}.Release|Any CPU.Build.0 = Release|Any CPU
		{7F192FB0-4F26-4F09-8ECF-6BC913152BC3}.Debug|Any CPU.ActiveCfg = Debug|Any CPU
		{7F192FB0-4F26-4F09-8ECF-6BC913152BC3}.Debug|Any CPU.Build.0 = Debug|Any CPU
		{7F192FB0-4F26-4F09-8ECF-6BC913152BC3}.Release|Any CPU.ActiveCfg = Release|Any CPU
		{7F192FB0-4F26-4F09-8ECF-6BC913152BC3}.Release|Any CPU.Build.0 = Release|Any CPU
	EndGlobalSection
	GlobalSection(SolutionProperties) = preSolution
		HideSolutionNode = FALSE
	EndGlobalSection
	GlobalSection(ExtensibilityGlobals) = postSolution
		SolutionGuid = {0652A920-9D90-45C1-BF57-9F47E6C91DFD}
	EndGlobalSection
EndGlobal
