
Microsoft Visual Studio Solution File, Format Version 12.00
# Visual Studio Version 17
VisualStudioVersion = 17.4.33205.214
MinimumVisualStudioVersion = 10.0.40219.1
Project("{FAE04EC0-301F-11D3-BF4B-00C04F79EFBC}") = "WeatherApp", "WeatherApp\WeatherApp.csproj", "{436E4996-BCEC-4D37-81BE-0EDB4E5E2BDD}"
EndProject
Global
	GlobalSection(SolutionConfigurationPlatforms) = preSolution
		Debug|Any CPU = Debug|Any CPU
		Release|Any CPU = Release|Any CPU
	EndGlobalSection
	GlobalSection(ProjectConfigurationPlatforms) = postSolution
		{436E4996-BCEC-4D37-81BE-0EDB4E5E2BDD}.Debug|Any CPU.ActiveCfg = Debug|Any CPU
		{436E4996-BCEC-4D37-81BE-0EDB4E5E2BDD}.Debug|Any CPU.Build.0 = Debug|Any CPU
		{436E4996-BCEC-4D37-81BE-0EDB4E5E2BDD}.Release|Any CPU.ActiveCfg = Release|Any CPU
		{436E4996-BCEC-4D37-81BE-0EDB4E5E2BDD}.Release|Any CPU.Build.0 = Release|Any CPU
	EndGlobalSection
	GlobalSection(SolutionProperties) = preSolution
		HideSolutionNode = FALSE
	EndGlobalSection
	GlobalSection(ExtensibilityGlobals) = postSolution
		SolutionGuid = {6737E652-B123-4F94-9ABC-3539F35DDA5C}
	EndGlobalSection
EndGlobal
